// !$*UTF8*$!
{
	archiveVersion = 1;
	classes = {
	};
	objectVersion = 77;
	objects = {

/* Begin PBXBuildFile section */
		3F88E6712D07C1B700C29FD1 /* NearbyFlowController.swift in Sources */ = {isa = PBXBuildFile; fileRef = 3F88E6642D07C1B700C29FD1 /* NearbyFlowController.swift */; };
		3F88E6722D07C1B700C29FD1 /* AppDelegate.swift in Sources */ = {isa = PBXBuildFile; fileRef = 3F88E6672D07C1B700C29FD1 /* AppDelegate.swift */; };
		3F88E6732D07C1B700C29FD1 /* SceneDelegate.swift in Sources */ = {isa = PBXBuildFile; fileRef = 3F88E66E2D07C1B700C29FD1 /* SceneDelegate.swift */; };
		3F88E6742D07C1B700C29FD1 /* ViewController.swift in Sources */ = {isa = PBXBuildFile; fileRef = 3F88E66F2D07C1B700C29FD1 /* ViewController.swift */; };
		3F88E6752D07C1B700C29FD1 /* Assets.xcassets in Resources */ = {isa = PBXBuildFile; fileRef = 3F88E6682D07C1B700C29FD1 /* Assets.xcassets */; };
		3F88E67C2D07C27A00C29FD1 /* Colors.swift in Sources */ = {isa = PBXBuildFile; fileRef = 3F88E67B2D07C26900C29FD1 /* Colors.swift */; };
		3F88E6822D07C85500C29FD1 /* SplashViewController.swift in Sources */ = {isa = PBXBuildFile; fileRef = 3F88E6812D07C85500C29FD1 /* SplashViewController.swift */; };
		3F88E6842D07C89700C29FD1 /* SplashView.swift in Sources */ = {isa = PBXBuildFile; fileRef = 3F88E6832D07C88D00C29FD1 /* SplashView.swift */; };
/* End PBXBuildFile section */

/* Begin PBXFileReference section */
		3F3DAB012D07BC3B00998888 /* Nearby.app */ = {isa = PBXFileReference; explicitFileType = wrapper.application; includeInIndex = 0; path = Nearby.app; sourceTree = BUILT_PRODUCTS_DIR; };
		3F88E6642D07C1B700C29FD1 /* NearbyFlowController.swift */ = {isa = PBXFileReference; lastKnownFileType = sourcecode.swift; path = NearbyFlowController.swift; sourceTree = "<group>"; };
		3F88E6672D07C1B700C29FD1 /* AppDelegate.swift */ = {isa = PBXFileReference; lastKnownFileType = sourcecode.swift; path = AppDelegate.swift; sourceTree = "<group>"; };
		3F88E6682D07C1B700C29FD1 /* Assets.xcassets */ = {isa = PBXFileReference; lastKnownFileType = folder.assetcatalog; path = Assets.xcassets; sourceTree = "<group>"; };
		3F88E6692D07C1B700C29FD1 /* Info.plist */ = {isa = PBXFileReference; lastKnownFileType = text.plist.xml; path = Info.plist; sourceTree = "<group>"; };
		3F88E66E2D07C1B700C29FD1 /* SceneDelegate.swift */ = {isa = PBXFileReference; lastKnownFileType = sourcecode.swift; path = SceneDelegate.swift; sourceTree = "<group>"; };
		3F88E66F2D07C1B700C29FD1 /* ViewController.swift */ = {isa = PBXFileReference; lastKnownFileType = sourcecode.swift; path = ViewController.swift; sourceTree = "<group>"; };
		3F88E67B2D07C26900C29FD1 /* Colors.swift */ = {isa = PBXFileReference; lastKnownFileType = sourcecode.swift; path = Colors.swift; sourceTree = "<group>"; };
		3F88E6812D07C85500C29FD1 /* SplashViewController.swift */ = {isa = PBXFileReference; lastKnownFileType = sourcecode.swift; path = SplashViewController.swift; sourceTree = "<group>"; };
		3F88E6832D07C88D00C29FD1 /* SplashView.swift */ = {isa = PBXFileReference; lastKnownFileType = sourcecode.swift; path = SplashView.swift; sourceTree = "<group>"; };
/* End PBXFileReference section */

/* Begin PBXFrameworksBuildPhase section */
		3F3DAAFE2D07BC3B00998888 /* Frameworks */ = {
			isa = PBXFrameworksBuildPhase;
			buildActionMask = 2147483647;
			files = (
			);
			runOnlyForDeploymentPostprocessing = 0;
		};
/* End PBXFrameworksBuildPhase section */

/* Begin PBXGroup section */
		3F3DAAF82D07BC3B00998888 = {
			isa = PBXGroup;
			children = (
				3F88E6702D07C1B700C29FD1 /* Nearby */,
				3F3DAB022D07BC3B00998888 /* Products */,
			);
			sourceTree = "<group>";
		};
		3F3DAB022D07BC3B00998888 /* Products */ = {
			isa = PBXGroup;
			children = (
				3F3DAB012D07BC3B00998888 /* Nearby.app */,
			);
			name = Products;
			sourceTree = "<group>";
		};
		3F88E6652D07C1B700C29FD1 /* Sources */ = {
			isa = PBXGroup;
			children = (
				3F88E67D2D07C7D000C29FD1 /* Features */,
			);
			path = Sources;
			sourceTree = "<group>";
		};
		3F88E6662D07C1B700C29FD1 /* Resources */ = {
			isa = PBXGroup;
			children = (
				3F88E6792D07C1F800C29FD1 /* Constants */,
			);
			path = Resources;
			sourceTree = "<group>";
		};
		3F88E6702D07C1B700C29FD1 /* Nearby */ = {
			isa = PBXGroup;
			children = (
				3F88E67A2D07C21500C29FD1 /* Aplication */,
				3F88E6652D07C1B700C29FD1 /* Sources */,
				3F88E6662D07C1B700C29FD1 /* Resources */,
				3F88E6682D07C1B700C29FD1 /* Assets.xcassets */,
				3F88E6692D07C1B700C29FD1 /* Info.plist */,
				3F88E66F2D07C1B700C29FD1 /* ViewController.swift */,
			);
			path = Nearby;
			sourceTree = "<group>";
		};
		3F88E6792D07C1F800C29FD1 /* Constants */ = {
			isa = PBXGroup;
			children = (
				3F88E67B2D07C26900C29FD1 /* Colors.swift */,
			);
			path = Constants;
			sourceTree = "<group>";
		};
		3F88E67A2D07C21500C29FD1 /* Aplication */ = {
			isa = PBXGroup;
			children = (
				3F88E6672D07C1B700C29FD1 /* AppDelegate.swift */,
				3F88E66E2D07C1B700C29FD1 /* SceneDelegate.swift */,
			);
			path = Aplication;
			sourceTree = "<group>";
		};
		3F88E67D2D07C7D000C29FD1 /* Features */ = {
			isa = PBXGroup;
			children = (
				3F88E67F2D07C81A00C29FD1 /* Scenes */,
				3F88E67E2D07C7DF00C29FD1 /* Coordinator */,
			);
			path = Features;
			sourceTree = "<group>";
		};
		3F88E67E2D07C7DF00C29FD1 /* Coordinator */ = {
			isa = PBXGroup;
			children = (
				3F88E6642D07C1B700C29FD1 /* NearbyFlowController.swift */,
			);
			path = Coordinator;
			sourceTree = "<group>";
		};
		3F88E67F2D07C81A00C29FD1 /* Scenes */ = {
			isa = PBXGroup;
			children = (
				3F88E6802D07C82200C29FD1 /* Splash */,
			);
			path = Scenes;
			sourceTree = "<group>";
		};
		3F88E6802D07C82200C29FD1 /* Splash */ = {
			isa = PBXGroup;
			children = (
				3F88E6832D07C88D00C29FD1 /* SplashView.swift */,
				3F88E6812D07C85500C29FD1 /* SplashViewController.swift */,
			);
			path = Splash;
			sourceTree = "<group>";
		};
/* End PBXGroup section */

/* Begin PBXNativeTarget section */
		3F3DAB002D07BC3B00998888 /* Nearby */ = {
			isa = PBXNativeTarget;
			buildConfigurationList = 3F3DAB142D07BC3C00998888 /* Build configuration list for PBXNativeTarget "Nearby" */;
			buildPhases = (
				3F3DAAFD2D07BC3B00998888 /* Sources */,
				3F3DAAFE2D07BC3B00998888 /* Frameworks */,
				3F3DAAFF2D07BC3B00998888 /* Resources */,
			);
			buildRules = (
			);
			dependencies = (
			);
			name = Nearby;
			packageProductDependencies = (
			);
			productName = Nearby;
			productReference = 3F3DAB012D07BC3B00998888 /* Nearby.app */;
			productType = "com.apple.product-type.application";
		};
/* End PBXNativeTarget section */

/* Begin PBXProject section */
		3F3DAAF92D07BC3B00998888 /* Project object */ = {
			isa = PBXProject;
			attributes = {
				BuildIndependentTargetsInParallel = 1;
				LastSwiftUpdateCheck = 1600;
				LastUpgradeCheck = 1600;
				TargetAttributes = {
					3F3DAB002D07BC3B00998888 = {
						CreatedOnToolsVersion = 16.0;
					};
				};
			};
			buildConfigurationList = 3F3DAAFC2D07BC3B00998888 /* Build configuration list for PBXProject "Nearby" */;
			developmentRegion = en;
			hasScannedForEncodings = 0;
			knownRegions = (
				en,
				Base,
			);
			mainGroup = 3F3DAAF82D07BC3B00998888;
			minimizedProjectReferenceProxies = 1;
			preferredProjectObjectVersion = 77;
			productRefGroup = 3F3DAB022D07BC3B00998888 /* Products */;
			projectDirPath = "";
			projectRoot = "";
			targets = (
				3F3DAB002D07BC3B00998888 /* Nearby */,
			);
		};
/* End PBXProject section */

/* Begin PBXResourcesBuildPhase section */
		3F3DAAFF2D07BC3B00998888 /* Resources */ = {
			isa = PBXResourcesBuildPhase;
			buildActionMask = 2147483647;
			files = (
				3F88E6752D07C1B700C29FD1 /* Assets.xcassets in Resources */,
			);
			runOnlyForDeploymentPostprocessing = 0;
		};
/* End PBXResourcesBuildPhase section */

/* Begin PBXSourcesBuildPhase section */
		3F3DAAFD2D07BC3B00998888 /* Sources */ = {
			isa = PBXSourcesBuildPhase;
			buildActionMask = 2147483647;
			files = (
				3F88E6712D07C1B700C29FD1 /* NearbyFlowController.swift in Sources */,
				3F88E67C2D07C27A00C29FD1 /* Colors.swift in Sources */,
				3F88E6722D07C1B700C29FD1 /* AppDelegate.swift in Sources */,
				3F88E6822D07C85500C29FD1 /* SplashViewController.swift in Sources */,
				3F88E6732D07C1B700C29FD1 /* SceneDelegate.swift in Sources */,
				3F88E6742D07C1B700C29FD1 /* ViewController.swift in Sources */,
				3F88E6842D07C89700C29FD1 /* SplashView.swift in Sources */,
			);
			runOnlyForDeploymentPostprocessing = 0;
		};
/* End PBXSourcesBuildPhase section */

/* Begin XCBuildConfiguration section */
		3F3DAB152D07BC3C00998888 /* Debug */ = {
			isa = XCBuildConfiguration;
			buildSettings = {
				ASSETCATALOG_COMPILER_APPICON_NAME = AppIcon;
				ASSETCATALOG_COMPILER_GLOBAL_ACCENT_COLOR_NAME = AccentColor;
				CODE_SIGN_STYLE = Automatic;
				CURRENT_PROJECT_VERSION = 1;
				DEVELOPMENT_TEAM = 738B22MJV3;
				GENERATE_INFOPLIST_FILE = YES;
				INFOPLIST_FILE = Nearby/Info.plist;
				INFOPLIST_KEY_UIApplicationSupportsIndirectInputEvents = YES;
				INFOPLIST_KEY_UILaunchStoryboardName = LaunchScreen;
				INFOPLIST_KEY_UISupportedInterfaceOrientations_iPad = "UIInterfaceOrientationPortrait UIInterfaceOrientationPortraitUpsideDown UIInterfaceOrientationLandscapeLeft UIInterfaceOrientationLandscapeRight";
				INFOPLIST_KEY_UISupportedInterfaceOrientations_iPhone = "UIInterfaceOrientationPortrait UIInterfaceOrientationLandscapeLeft UIInterfaceOrientationLandscapeRight";
				LD_RUNPATH_SEARCH_PATHS = (
					"$(inherited)",
					"@executable_path/Frameworks",
				);
				MARKETING_VERSION = 1.0;
				PRODUCT_BUNDLE_IDENTIFIER = bruunomooura.Nearby;
				PRODUCT_NAME = "$(TARGET_NAME)";
				SWIFT_EMIT_LOC_STRINGS = YES;
				SWIFT_VERSION = 5.0;
				TARGETED_DEVICE_FAMILY = "1,2";
			};
			name = Debug;
		};
		3F3DAB162D07BC3C00998888 /* Release */ = {
			isa = XCBuildConfiguration;
			buildSettings = {
				ASSETCATALOG_COMPILER_APPICON_NAME = AppIcon;
				ASSETCATALOG_COMPILER_GLOBAL_ACCENT_COLOR_NAME = AccentColor;
				CODE_SIGN_STYLE = Automatic;
				CURRENT_PROJECT_VERSION = 1;
				DEVELOPMENT_TEAM = 738B22MJV3;
				GENERATE_INFOPLIST_FILE = YES;
				INFOPLIST_FILE = Nearby/Info.plist;
				INFOPLIST_KEY_UIApplicationSupportsIndirectInputEvents = YES;
				INFOPLIST_KEY_UILaunchStoryboardName = LaunchScreen;
				INFOPLIST_KEY_UISupportedInterfaceOrientations_iPad = "UIInterfaceOrientationPortrait UIInterfaceOrientationPortraitUpsideDown UIInterfaceOrientationLandscapeLeft UIInterfaceOrientationLandscapeRight";
				INFOPLIST_KEY_UISupportedInterfaceOrientations_iPhone = "UIInterfaceOrientationPortrait UIInterfaceOrientationLandscapeLeft UIInterfaceOrientationLandscapeRight";
				LD_RUNPATH_SEARCH_PATHS = (
					"$(inherited)",
					"@executable_path/Frameworks",
				);
				MARKETING_VERSION = 1.0;
				PRODUCT_BUNDLE_IDENTIFIER = bruunomooura.Nearby;
				PRODUCT_NAME = "$(TARGET_NAME)";
				SWIFT_EMIT_LOC_STRINGS = YES;
				SWIFT_VERSION = 5.0;
				TARGETED_DEVICE_FAMILY = "1,2";
			};
			name = Release;
		};
		3F3DAB172D07BC3C00998888 /* Debug */ = {
			isa = XCBuildConfiguration;
			buildSettings = {
				ALWAYS_SEARCH_USER_PATHS = NO;
				ASSETCATALOG_COMPILER_GENERATE_SWIFT_ASSET_SYMBOL_EXTENSIONS = YES;
				CLANG_ANALYZER_NONNULL = YES;
				CLANG_ANALYZER_NUMBER_OBJECT_CONVERSION = YES_AGGRESSIVE;
				CLANG_CXX_LANGUAGE_STANDARD = "gnu++20";
				CLANG_ENABLE_MODULES = YES;
				CLANG_ENABLE_OBJC_ARC = YES;
				CLANG_ENABLE_OBJC_WEAK = YES;
				CLANG_WARN_BLOCK_CAPTURE_AUTORELEASING = YES;
				CLANG_WARN_BOOL_CONVERSION = YES;
				CLANG_WARN_COMMA = YES;
				CLANG_WARN_CONSTANT_CONVERSION = YES;
				CLANG_WARN_DEPRECATED_OBJC_IMPLEMENTATIONS = YES;
				CLANG_WARN_DIRECT_OBJC_ISA_USAGE = YES_ERROR;
				CLANG_WARN_DOCUMENTATION_COMMENTS = YES;
				CLANG_WARN_EMPTY_BODY = YES;
				CLANG_WARN_ENUM_CONVERSION = YES;
				CLANG_WARN_INFINITE_RECURSION = YES;
				CLANG_WARN_INT_CONVERSION = YES;
				CLANG_WARN_NON_LITERAL_NULL_CONVERSION = YES;
				CLANG_WARN_OBJC_IMPLICIT_RETAIN_SELF = YES;
				CLANG_WARN_OBJC_LITERAL_CONVERSION = YES;
				CLANG_WARN_OBJC_ROOT_CLASS = YES_ERROR;
				CLANG_WARN_QUOTED_INCLUDE_IN_FRAMEWORK_HEADER = YES;
				CLANG_WARN_RANGE_LOOP_ANALYSIS = YES;
				CLANG_WARN_STRICT_PROTOTYPES = YES;
				CLANG_WARN_SUSPICIOUS_MOVE = YES;
				CLANG_WARN_UNGUARDED_AVAILABILITY = YES_AGGRESSIVE;
				CLANG_WARN_UNREACHABLE_CODE = YES;
				CLANG_WARN__DUPLICATE_METHOD_MATCH = YES;
				COPY_PHASE_STRIP = NO;
				DEBUG_INFORMATION_FORMAT = dwarf;
				ENABLE_STRICT_OBJC_MSGSEND = YES;
				ENABLE_TESTABILITY = YES;
				ENABLE_USER_SCRIPT_SANDBOXING = YES;
				GCC_C_LANGUAGE_STANDARD = gnu17;
				GCC_DYNAMIC_NO_PIC = NO;
				GCC_NO_COMMON_BLOCKS = YES;
				GCC_OPTIMIZATION_LEVEL = 0;
				GCC_PREPROCESSOR_DEFINITIONS = (
					"DEBUG=1",
					"$(inherited)",
				);
				GCC_WARN_64_TO_32_BIT_CONVERSION = YES;
				GCC_WARN_ABOUT_RETURN_TYPE = YES_ERROR;
				GCC_WARN_UNDECLARED_SELECTOR = YES;
				GCC_WARN_UNINITIALIZED_AUTOS = YES_AGGRESSIVE;
				GCC_WARN_UNUSED_FUNCTION = YES;
				GCC_WARN_UNUSED_VARIABLE = YES;
				IPHONEOS_DEPLOYMENT_TARGET = 18.0;
				LOCALIZATION_PREFERS_STRING_CATALOGS = YES;
				MTL_ENABLE_DEBUG_INFO = INCLUDE_SOURCE;
				MTL_FAST_MATH = YES;
				ONLY_ACTIVE_ARCH = YES;
				SDKROOT = iphoneos;
				SWIFT_ACTIVE_COMPILATION_CONDITIONS = "DEBUG $(inherited)";
				SWIFT_OPTIMIZATION_LEVEL = "-Onone";
			};
			name = Debug;
		};
		3F3DAB182D07BC3C00998888 /* Release */ = {
			isa = XCBuildConfiguration;
			buildSettings = {
				ALWAYS_SEARCH_USER_PATHS = NO;
				ASSETCATALOG_COMPILER_GENERATE_SWIFT_ASSET_SYMBOL_EXTENSIONS = YES;
				CLANG_ANALYZER_NONNULL = YES;
				CLANG_ANALYZER_NUMBER_OBJECT_CONVERSION = YES_AGGRESSIVE;
				CLANG_CXX_LANGUAGE_STANDARD = "gnu++20";
				CLANG_ENABLE_MODULES = YES;
				CLANG_ENABLE_OBJC_ARC = YES;
				CLANG_ENABLE_OBJC_WEAK = YES;
				CLANG_WARN_BLOCK_CAPTURE_AUTORELEASING = YES;
				CLANG_WARN_BOOL_CONVERSION = YES;
				CLANG_WARN_COMMA = YES;
				CLANG_WARN_CONSTANT_CONVERSION = YES;
				CLANG_WARN_DEPRECATED_OBJC_IMPLEMENTATIONS = YES;
				CLANG_WARN_DIRECT_OBJC_ISA_USAGE = YES_ERROR;
				CLANG_WARN_DOCUMENTATION_COMMENTS = YES;
				CLANG_WARN_EMPTY_BODY = YES;
				CLANG_WARN_ENUM_CONVERSION = YES;
				CLANG_WARN_INFINITE_RECURSION = YES;
				CLANG_WARN_INT_CONVERSION = YES;
				CLANG_WARN_NON_LITERAL_NULL_CONVERSION = YES;
				CLANG_WARN_OBJC_IMPLICIT_RETAIN_SELF = YES;
				CLANG_WARN_OBJC_LITERAL_CONVERSION = YES;
				CLANG_WARN_OBJC_ROOT_CLASS = YES_ERROR;
				CLANG_WARN_QUOTED_INCLUDE_IN_FRAMEWORK_HEADER = YES;
				CLANG_WARN_RANGE_LOOP_ANALYSIS = YES;
				CLANG_WARN_STRICT_PROTOTYPES = YES;
				CLANG_WARN_SUSPICIOUS_MOVE = YES;
				CLANG_WARN_UNGUARDED_AVAILABILITY = YES_AGGRESSIVE;
				CLANG_WARN_UNREACHABLE_CODE = YES;
				CLANG_WARN__DUPLICATE_METHOD_MATCH = YES;
				COPY_PHASE_STRIP = NO;
				DEBUG_INFORMATION_FORMAT = "dwarf-with-dsym";
				ENABLE_NS_ASSERTIONS = NO;
				ENABLE_STRICT_OBJC_MSGSEND = YES;
				ENABLE_USER_SCRIPT_SANDBOXING = YES;
				GCC_C_LANGUAGE_STANDARD = gnu17;
				GCC_NO_COMMON_BLOCKS = YES;
				GCC_WARN_64_TO_32_BIT_CONVERSION = YES;
				GCC_WARN_ABOUT_RETURN_TYPE = YES_ERROR;
				GCC_WARN_UNDECLARED_SELECTOR = YES;
				GCC_WARN_UNINITIALIZED_AUTOS = YES_AGGRESSIVE;
				GCC_WARN_UNUSED_FUNCTION = YES;
				GCC_WARN_UNUSED_VARIABLE = YES;
				IPHONEOS_DEPLOYMENT_TARGET = 18.0;
				LOCALIZATION_PREFERS_STRING_CATALOGS = YES;
				MTL_ENABLE_DEBUG_INFO = NO;
				MTL_FAST_MATH = YES;
				SDKROOT = iphoneos;
				SWIFT_COMPILATION_MODE = wholemodule;
				VALIDATE_PRODUCT = YES;
			};
			name = Release;
		};
/* End XCBuildConfiguration section */

/* Begin XCConfigurationList section */
		3F3DAAFC2D07BC3B00998888 /* Build configuration list for PBXProject "Nearby" */ = {
			isa = XCConfigurationList;
			buildConfigurations = (
				3F3DAB172D07BC3C00998888 /* Debug */,
				3F3DAB182D07BC3C00998888 /* Release */,
			);
			defaultConfigurationIsVisible = 0;
			defaultConfigurationName = Release;
		};
		3F3DAB142D07BC3C00998888 /* Build configuration list for PBXNativeTarget "Nearby" */ = {
			isa = XCConfigurationList;
			buildConfigurations = (
				3F3DAB152D07BC3C00998888 /* Debug */,
				3F3DAB162D07BC3C00998888 /* Release */,
			);
			defaultConfigurationIsVisible = 0;
			defaultConfigurationName = Release;
		};
/* End XCConfigurationList section */
	};
	rootObject = 3F3DAAF92D07BC3B00998888 /* Project object */;
}
